
Microsoft Visual Studio Solution File, Format Version 12.00
# Visual Studio Version 17
VisualStudioVersion = 17.10.35013.160
MinimumVisualStudioVersion = 10.0.40219.1
Project("{FAE04EC0-301F-11D3-BF4B-00C04F79EFBC}") = "week7Test", "week7Test\week7Test.csproj", "{5C82175D-608B-4051-9699-311474833EA2}"
EndProject
Global
	GlobalSection(SolutionConfigurationPlatforms) = preSolution
		Debug|Any CPU = Debug|Any CPU
		Release|Any CPU = Release|Any CPU
	EndGlobalSection
	GlobalSection(ProjectConfigurationPlatforms) = postSolution
		{5C82175D-608B-4051-9699-311474833EA2}.Debug|Any CPU.ActiveCfg = Debug|Any CPU
		{5C82175D-608B-4051-9699-311474833EA2}.Debug|Any CPU.Build.0 = Debug|Any CPU
		{5C82175D-608B-4051-9699-311474833EA2}.Release|Any CPU.ActiveCfg = Release|Any CPU
		{5C82175D-608B-4051-9699-311474833EA2}.Release|Any CPU.Build.0 = Release|Any CPU
	EndGlobalSection
	GlobalSection(SolutionProperties) = preSolution
		HideSolutionNode = FALSE
	EndGlobalSection
	GlobalSection(ExtensibilityGlobals) = postSolution
		SolutionGuid = {FED9FACD-E174-4A3B-B685-3887B08781F0}
	EndGlobalSection
EndGlobal
